
Microsoft Visual Studio Solution File, Format Version 12.00
# Visual Studio Version 17
VisualStudioVersion = 17.8.34601.278
MinimumVisualStudioVersion = 10.0.40219.1
Project("{FAE04EC0-301F-11D3-BF4B-00C04F79EFBC}") = "ReverseProxyPoC", "ReverseProxyPoC\ReverseProxyPoC.csproj", "{36D75B0B-6E19-40CA-9D4E-B6E45D767704}"
EndProject
Global
	GlobalSection(SolutionConfigurationPlatforms) = preSolution
		Debug|Any CPU = Debug|Any CPU
		Release|Any CPU = Release|Any CPU
	EndGlobalSection
	GlobalSection(ProjectConfigurationPlatforms) = postSolution
		{36D75B0B-6E19-40CA-9D4E-B6E45D767704}.Debug|Any CPU.ActiveCfg = Debug|Any CPU
		{36D75B0B-6E19-40CA-9D4E-B6E45D767704}.Debug|Any CPU.Build.0 = Debug|Any CPU
		{36D75B0B-6E19-40CA-9D4E-B6E45D767704}.Release|Any CPU.ActiveCfg = Release|Any CPU
		{36D75B0B-6E19-40CA-9D4E-B6E45D767704}.Release|Any CPU.Build.0 = Release|Any CPU
	EndGlobalSection
	GlobalSection(SolutionProperties) = preSolution
		HideSolutionNode = FALSE
	EndGlobalSection
	GlobalSection(ExtensibilityGlobals) = postSolution
		SolutionGuid = {D6B9AC1C-81DB-42D8-953F-2CB037C163FC}
	EndGlobalSection
EndGlobal
